
Microsoft Visual Studio Solution File, Format Version 12.00
# Visual Studio 2012
Project("{FAE04EC0-301F-11D3-BF4B-00C04F79EFBC}") = "MongoDBTestApp", "MongoDBTestApp\MongoDBTestApp.csproj", "{C3EEAF48-563B-421D-9103-86323D1786DE}"
EndProject
Project("{FAE04EC0-301F-11D3-BF4B-00C04F79EFBC}") = "Employee.Data", "Employee.Data\Employee.Data.csproj", "{754A2209-603D-46E1-8E17-46EA52AC9A1C}"
EndProject
Global
	GlobalSection(SolutionConfigurationPlatforms) = preSolution
		Debug|Any CPU = Debug|Any CPU
		Release|Any CPU = Release|Any CPU
	EndGlobalSection
	GlobalSection(ProjectConfigurationPlatforms) = postSolution
		{C3EEAF48-563B-421D-9103-86323D1786DE}.Debug|Any CPU.ActiveCfg = Debug|Any CPU
		{C3EEAF48-563B-421D-9103-86323D1786DE}.Debug|Any CPU.Build.0 = Debug|Any CPU
		{C3EEAF48-563B-421D-9103-86323D1786DE}.Release|Any CPU.ActiveCfg = Release|Any CPU
		{C3EEAF48-563B-421D-9103-86323D1786DE}.Release|Any CPU.Build.0 = Release|Any CPU
		{754A2209-603D-46E1-8E17-46EA52AC9A1C}.Debug|Any CPU.ActiveCfg = Debug|Any CPU
		{754A2209-603D-46E1-8E17-46EA52AC9A1C}.Debug|Any CPU.Build.0 = Debug|Any CPU
		{754A2209-603D-46E1-8E17-46EA52AC9A1C}.Release|Any CPU.ActiveCfg = Release|Any CPU
		{754A2209-603D-46E1-8E17-46EA52AC9A1C}.Release|Any CPU.Build.0 = Release|Any CPU
	EndGlobalSection
	GlobalSection(SolutionProperties) = preSolution
		HideSolutionNode = FALSE
	EndGlobalSection
EndGlobal
